
Microsoft Visual Studio Solution File, Format Version 12.00
# Visual Studio 15
VisualStudioVersion = 15.0.26730.8
MinimumVisualStudioVersion = 10.0.40219.1
Project("{FAE04EC0-301F-11D3-BF4B-00C04F79EFBC}") = "PowerBuild", "src\PowerBuild\PowerBuild.csproj", "{1F169628-11B6-4300-BC6C-E0EB22AA04C2}"
EndProject
Project("{FAE04EC0-301F-11D3-BF4B-00C04F79EFBC}") = "PowerBuild.Tests", "test\PowerBuild.Tests\PowerBuild.Tests.csproj", "{E43053FC-1A8D-4FAA-A299-13B1AD2D4808}"
EndProject
Project("{2150E333-8FDC-42A3-9474-1A3956D46DE8}") = "src", "src", "{8CBBB8E1-4D9D-457B-8C87-28364ACD98AA}"
	ProjectSection(SolutionItems) = preProject
		src\PowerBuild.props = src\PowerBuild.props
		src\PowerBuild.ruleset = src\PowerBuild.ruleset
		src\stylecop.json = src\stylecop.json
	EndProjectSection
EndProject
Project("{FF286327-C783-4F7A-AB73-9BCBAD0D4460}") = "PowerBuild.NuGet", "src\PowerBuild.NuGet\PowerBuild.NuGet.nuproj", "{1224D603-2CEB-4EFE-B596-B0EE7B697DAA}"
EndProject
Global
	GlobalSection(SolutionConfigurationPlatforms) = preSolution
		Debug|Any CPU = Debug|Any CPU
		Release|Any CPU = Release|Any CPU
	EndGlobalSection
	GlobalSection(ProjectConfigurationPlatforms) = postSolution
		{1F169628-11B6-4300-BC6C-E0EB22AA04C2}.Debug|Any CPU.ActiveCfg = Debug|Any CPU
		{1F169628-11B6-4300-BC6C-E0EB22AA04C2}.Debug|Any CPU.Build.0 = Debug|Any CPU
		{1F169628-11B6-4300-BC6C-E0EB22AA04C2}.Release|Any CPU.ActiveCfg = Release|Any CPU
		{1F169628-11B6-4300-BC6C-E0EB22AA04C2}.Release|Any CPU.Build.0 = Release|Any CPU
		{E43053FC-1A8D-4FAA-A299-13B1AD2D4808}.Debug|Any CPU.ActiveCfg = Debug|Any CPU
		{E43053FC-1A8D-4FAA-A299-13B1AD2D4808}.Debug|Any CPU.Build.0 = Debug|Any CPU
		{E43053FC-1A8D-4FAA-A299-13B1AD2D4808}.Release|Any CPU.ActiveCfg = Release|Any CPU
		{E43053FC-1A8D-4FAA-A299-13B1AD2D4808}.Release|Any CPU.Build.0 = Release|Any CPU
		{1224D603-2CEB-4EFE-B596-B0EE7B697DAA}.Debug|Any CPU.ActiveCfg = Debug|Any CPU
		{1224D603-2CEB-4EFE-B596-B0EE7B697DAA}.Debug|Any CPU.Build.0 = Debug|Any CPU
		{1224D603-2CEB-4EFE-B596-B0EE7B697DAA}.Release|Any CPU.ActiveCfg = Release|Any CPU
		{1224D603-2CEB-4EFE-B596-B0EE7B697DAA}.Release|Any CPU.Build.0 = Release|Any CPU
	EndGlobalSection
	GlobalSection(SolutionProperties) = preSolution
		HideSolutionNode = FALSE
	EndGlobalSection
	GlobalSection(ExtensibilityGlobals) = postSolution
		SolutionGuid = {2B3CF93D-8725-463B-AF8B-4A9674AC9EA0}
	EndGlobalSection
EndGlobal
